<?xml version="1.0" encoding="UTF-8"?>
<Scheme
   LastUpgradeVersion = "0630"
   version = "1.3">
   <BuildAction
      parallelizeBuildables = "YES"
      buildImplicitDependencies = "YES">
      <BuildActionEntries>
         <BuildActionEntry
            buildForTesting = "YES"
            buildForRunning = "YES"
            buildForProfiling = "YES"
            buildForArchiving = "YES"
            buildForAnalyzing = "YES">
            <BuildableReference
               BuildableIdentifier = "primary"
               BlueprintIdentifier = "9F301B571AE9707300324DA4"
               BuildableName = "Lobby-Boy WatchKit App.app"
               BlueprintName = "Lobby-Boy WatchKit App"
               ReferencedContainer = "container:Lobby-Boy.xcodeproj">
            </BuildableReference>
         </BuildActionEntry>
         <BuildActionEntry
            buildForTesting = "YES"
            buildForRunning = "YES"
            buildForProfiling = "YES"
            buildForArchiving = "YES"
            buildForAnalyzing = "YES">
            <BuildableReference
               BuildableIdentifier = "primary"
               BlueprintIdentifier = "F50AB57E1AE9415900C3DB23"
               BuildableName = "Lobby-Boy.app"
               BlueprintName = "Lobby-Boy"
               ReferencedContainer = "container:Lobby-Boy.xcodeproj">
            </BuildableReference>
         </BuildActionEntry>
         <BuildActionEntry
            buildForTesting = "YES"
            buildForRunning = "YES"
            buildForProfiling = "YES"
            buildForArchiving = "YES"
            buildForAnalyzing = "YES">
            <BuildableReference
               BuildableIdentifier = "primary"
               BlueprintIdentifier = "9F301B481AE9707300324DA4"
               BuildableName = "Lobby-Boy WatchKit Extension.appex"
               BlueprintName = "Lobby-Boy WatchKit Extension"
               ReferencedContainer = "container:Lobby-Boy.xcodeproj">
            </BuildableReference>
         </BuildActionEntry>
      </BuildActionEntries>
   </BuildAction>
   <TestAction
      selectedDebuggerIdentifier = "Xcode.DebuggerFoundation.Debugger.LLDB"
      selectedLauncherIdentifier = "Xcode.DebuggerFoundation.Launcher.LLDB"
      shouldUseLaunchSchemeArgsEnv = "YES"
      buildConfiguration = "Debug">
      <Testables>
      </Testables>
      <MacroExpansion>
         <BuildableReference
            BuildableIdentifier = "primary"
            BlueprintIdentifier = "9F301B571AE9707300324DA4"
            BuildableName = "Lobby-Boy WatchKit App.app"
            BlueprintName = "Lobby-Boy WatchKit App"
            ReferencedContainer = "container:Lobby-Boy.xcodeproj">
         </BuildableReference>
      </MacroExpansion>
   </TestAction>
   <LaunchAction
      selectedDebuggerIdentifier = "Xcode.DebuggerFoundation.Debugger.LLDB"
      selectedLauncherIdentifier = "Xcode.DebuggerFoundation.Launcher.LLDB"
      launchStyle = "0"
      useCustomWorkingDirectory = "NO"
      buildConfiguration = "Debug"
      ignoresPersistentStateOnLaunch = "NO"
      debugDocumentVersioning = "YES"
      allowLocationSimulation = "YES"
      notificationPayloadFile = "Lobby-Boy WatchKit Extension/PushNotificationPayload.apns">
      <RemoteRunnable
         runnableDebuggingMode = "2"
         BundleIdentifier = "com.apple.springboard"
         RemotePath = "/Lobby-Boy">
         <BuildableReference
            BuildableIdentifier = "primary"
            BlueprintIdentifier = "9F301B571AE9707300324DA4"
            BuildableName = "Lobby-Boy WatchKit App.app"
            BlueprintName = "Lobby-Boy WatchKit App"
            ReferencedContainer = "container:Lobby-Boy.xcodeproj">
         </BuildableReference>
      </RemoteRunnable>
      <MacroExpansion>
         <BuildableReference
            BuildableIdentifier = "primary"
            BlueprintIdentifier = "9F301B571AE9707300324DA4"
            BuildableName = "Lobby-Boy WatchKit App.app"
            BlueprintName = "Lobby-Boy WatchKit App"
            ReferencedContainer = "container:Lobby-Boy.xcodeproj">
         </BuildableReference>
      </MacroExpansion>
      <AdditionalOptions>
      </AdditionalOptions>
   </LaunchAction>
   <ProfileAction
      shouldUseLaunchSchemeArgsEnv = "YES"
      savedToolIdentifier = ""
      useCustomWorkingDirectory = "NO"
      buildConfiguration = "Release"
      debugDocumentVersioning = "YES">
      <RemoteRunnable
         runnableDebuggingMode = "2"
         BundleIdentifier = "com.apple.springboard"
         RemotePath = "/Lobby-Boy">
         <BuildableReference
            BuildableIdentifier = "primary"
            BlueprintIdentifier = "9F301B571AE9707300324DA4"
            BuildableName = "Lobby-Boy WatchKit App.app"
            BlueprintName = "Lobby-Boy WatchKit App"
            ReferencedContainer = "container:Lobby-Boy.xcodeproj">
         </BuildableReference>
      </RemoteRunnable>
      <MacroExpansion>
         <BuildableReference
            BuildableIdentifier = "primary"
            BlueprintIdentifier = "9F301B571AE9707300324DA4"
            BuildableName = "Lobby-Boy WatchKit App.app"
            BlueprintName = "Lobby-Boy WatchKit App"
            ReferencedContainer = "container:Lobby-Boy.xcodeproj">
         </BuildableReference>
      </MacroExpansion>
   </ProfileAction>
   <AnalyzeAction
      buildConfiguration = "Debug">
   </AnalyzeAction>
   <ArchiveAction
      buildConfiguration = "Release"
      revealArchiveInOrganizer = "YES">
   </ArchiveAction>
</Scheme>
